// !$*UTF8*$!
{
	archiveVersion = 1;
	classes = {
	};
	objectVersion = 77;
	objects = {

/* Begin PBXBuildFile section */
		9F9EB4FC2FC5CAF700E744A1 /* FirebaseAI in Frameworks */ = {isa = PBXBuildFile; productRef = 9F9EB4FB2FC5CAF700E744A1 /* FirebaseAI */; };
		9F9EB4FE2FC5CAF700E744A1 /* FirebaseAILogic in Frameworks */ = {isa = PBXBuildFile; productRef = 9F9EB4FD2FC5CAF700E744A1 /* FirebaseAILogic */; };
		9F9EB5002FC5CAF700E744A1 /* FirebaseAnalytics in Frameworks */ = {isa = PBXBuildFile; productRef = 9F9EB4FF2FC5CAF700E744A1 /* FirebaseAnalytics */; };
		9F9EB5022FC5CAF700E744A1 /* FirebaseAnalyticsCore in Frameworks */ = {isa = PBXBuildFile; productRef = 9F9EB5012FC5CAF700E744A1 /* FirebaseAnalyticsCore */; };
		9F9EB5042FC5CAF700E744A1 /* FirebaseAnalyticsIdentitySupport in Frameworks */ = {isa = PBXBuildFile; productRef = 9F9EB5032FC5CAF700E744A1 /* FirebaseAnalyticsIdentitySupport */; };
		9F9EB5062FC5CAF700E744A1 /* FirebaseAppCheck in Frameworks */ = {isa = PBXBuildFile; productRef = 9F9EB5052FC5CAF700E744A1 /* FirebaseAppCheck */; };
		9F9EB5082FC5CAF700E744A1 /* FirebaseAppDistribution-Beta in Frameworks */ = {isa = PBXBuildFile; productRef = 9F9EB5072FC5CAF700E744A1 /* FirebaseAppDistribution-Beta */; };
		9F9EB50A2FC5CAF700E744A1 /* FirebaseAuth in Frameworks */ = {isa = PBXBuildFile; productRef = 9F9EB5092FC5CAF700E744A1 /* FirebaseAuth */; };
		9F9EB50C2FC5CAF700E744A1 /* FirebaseAuthCombine-Community in Frameworks */ = {isa = PBXBuildFile; productRef = 9F9EB50B2FC5CAF700E744A1 /* FirebaseAuthCombine-Community */; };
		9F9EB50E2FC5CAF700E744A1 /* FirebaseCore in Frameworks */ = {isa = PBXBuildFile; productRef = 9F9EB50D2FC5CAF700E744A1 /* FirebaseCore */; };
		9F9EB5102FC5CAF700E744A1 /* FirebaseCrashlytics in Frameworks */ = {isa = PBXBuildFile; productRef = 9F9EB50F2FC5CAF700E744A1 /* FirebaseCrashlytics */; };
		9F9EB5122FC5CAF700E744A1 /* FirebaseDatabase in Frameworks */ = {isa = PBXBuildFile; productRef = 9F9EB5112FC5CAF700E744A1 /* FirebaseDatabase */; };
		9F9EB5142FC5CAF700E744A1 /* FirebaseFirestore in Frameworks */ = {isa = PBXBuildFile; productRef = 9F9EB5132FC5CAF700E744A1 /* FirebaseFirestore */; };
		9F9EB5162FC5CAF700E744A1 /* FirebaseFirestoreCombine-Community in Frameworks */ = {isa = PBXBuildFile; productRef = 9F9EB5152FC5CAF700E744A1 /* FirebaseFirestoreCombine-Community */; };
		9F9EB5182FC5CAF700E744A1 /* FirebaseFunctions in Frameworks */ = {isa = PBXBuildFile; productRef = 9F9EB5172FC5CAF700E744A1 /* FirebaseFunctions */; };
		9F9EB51A2FC5CAF700E744A1 /* FirebaseFunctionsCombine-Community in Frameworks */ = {isa = PBXBuildFile; productRef = 9F9EB5192FC5CAF700E744A1 /* FirebaseFunctionsCombine-Community */; };
		9F9EB51C2FC5CAF700E744A1 /* FirebaseInAppMessaging-Beta in Frameworks */ = {isa = PBXBuildFile; productRef = 9F9EB51B2FC5CAF700E744A1 /* FirebaseInAppMessaging-Beta */; };
		9F9EB51E2FC5CAF700E744A1 /* FirebaseInstallations in Frameworks */ = {isa = PBXBuildFile; productRef = 9F9EB51D2FC5CAF700E744A1 /* FirebaseInstallations */; };
		9F9EB5202FC5CAF700E744A1 /* FirebaseMessaging in Frameworks */ = {isa = PBXBuildFile; productRef = 9F9EB51F2FC5CAF700E744A1 /* FirebaseMessaging */; };
		9F9EB5222FC5CAF700E744A1 /* FirebaseMLModelDownloader in Frameworks */ = {isa = PBXBuildFile; productRef = 9F9EB5212FC5CAF700E744A1 /* FirebaseMLModelDownloader */; };
		9F9EB5242FC5CAF700E744A1 /* FirebasePerformance in Frameworks */ = {isa = PBXBuildFile; productRef = 9F9EB5232FC5CAF700E744A1 /* FirebasePerformance */; };
		9F9EB5262FC5CAF700E744A1 /* FirebaseRemoteConfig in Frameworks */ = {isa = PBXBuildFile; productRef = 9F9EB5252FC5CAF700E744A1 /* FirebaseRemoteConfig */; };
		9F9EB5282FC5CAF700E744A1 /* FirebaseStorage in Frameworks */ = {isa = PBXBuildFile; productRef = 9F9EB5272FC5CAF700E744A1 /* FirebaseStorage */; };
		9F9EB52A2FC5CAF700E744A1 /* FirebaseStorageCombine-Community in Frameworks */ = {isa = PBXBuildFile; productRef = 9F9EB5292FC5CAF700E744A1 /* FirebaseStorageCombine-Community */; };
/* End PBXBuildFile section */

/* Begin PBXContainerItemProxy section */
		9FB557BB2FC102D800349406 /* PBXContainerItemProxy */ = {
			isa = PBXContainerItemProxy;
			containerPortal = 9FB557A52FC102D600349406 /* Project object */;
			proxyType = 1;
			remoteGlobalIDString = 9FB557AC2FC102D600349406;
			remoteInfo = Ping;
		};
		9FB557C52FC102D800349406 /* PBXContainerItemProxy */ = {
			isa = PBXContainerItemProxy;
			containerPortal = 9FB557A52FC102D600349406 /* Project object */;
			proxyType = 1;
			remoteGlobalIDString = 9FB557AC2FC102D600349406;
			remoteInfo = Ping;
		};
/* End PBXContainerItemProxy section */

/* Begin PBXFileReference section */
		9FB557AD2FC102D600349406 /* Ping.app */ = {isa = PBXFileReference; explicitFileType = wrapper.application; includeInIndex = 0; path = Ping.app; sourceTree = BUILT_PRODUCTS_DIR; };
		9FB557BA2FC102D800349406 /* PingTests.xctest */ = {isa = PBXFileReference; explicitFileType = wrapper.cfbundle; includeInIndex = 0; path = PingTests.xctest; sourceTree = BUILT_PRODUCTS_DIR; };
		9FB557C42FC102D800349406 /* PingUITests.xctest */ = {isa = PBXFileReference; explicitFileType = wrapper.cfbundle; includeInIndex = 0; path = PingUITests.xctest; sourceTree = BUILT_PRODUCTS_DIR; };
/* End PBXFileReference section */

/* Begin PBXFileSystemSynchronizedBuildFileExceptionSet section */
		9F9EB4F92FC4775900E744A1 /* Exceptions for "Ping" folder in "Ping" target */ = {
			isa = PBXFileSystemSynchronizedBuildFileExceptionSet;
			membershipExceptions = (
				Info.plist,
			);
			target = 9FB557AC2FC102D600349406 /* Ping */;
		};
/* End PBXFileSystemSynchronizedBuildFileExceptionSet section */

/* Begin PBXFileSystemSynchronizedRootGroup section */
		9FB557AF2FC102D600349406 /* Ping */ = {
			isa = PBXFileSystemSynchronizedRootGroup;
			exceptions = (
				9F9EB4F92FC4775900E744A1 /* Exceptions for "Ping" folder in "Ping" target */,
			);
			path = Ping;
			sourceTree = "<group>";
		};
		9FB557BD2FC102D800349406 /* PingTests */ = {
			isa = PBXFileSystemSynchronizedRootGroup;
			path = PingTests;
			sourceTree = "<group>";
		};
		9FB557C72FC102D800349406 /* PingUITests */ = {
			isa = PBXFileSystemSynchronizedRootGroup;
			path = PingUITests;
			sourceTree = "<group>";
		};
/* End PBXFileSystemSynchronizedRootGroup section */

/* Begin PBXFrameworksBuildPhase section */
		9FB557AA2FC102D600349406 /* Frameworks */ = {
			isa = PBXFrameworksBuildPhase;
			buildActionMask = 2147483647;
			files = (
				9F9EB5082FC5CAF700E744A1 /* FirebaseAppDistribution-Beta in Frameworks */,
				9F9EB5142FC5CAF700E744A1 /* FirebaseFirestore in Frameworks */,
				9F9EB50C2FC5CAF700E744A1 /* FirebaseAuthCombine-Community in Frameworks */,
				9F9EB51E2FC5CAF700E744A1 /* FirebaseInstallations in Frameworks */,
				9F9EB4FE2FC5CAF700E744A1 /* FirebaseAILogic in Frameworks */,
				9F9EB5042FC5CAF700E744A1 /* FirebaseAnalyticsIdentitySupport in Frameworks */,
				9F9EB51C2FC5CAF700E744A1 /* FirebaseInAppMessaging-Beta in Frameworks */,
				9F9EB5222FC5CAF700E744A1 /* FirebaseMLModelDownloader in Frameworks */,
				9F9EB4FC2FC5CAF700E744A1 /* FirebaseAI in Frameworks */,
				9F9EB5202FC5CAF700E744A1 /* FirebaseMessaging in Frameworks */,
				9F9EB52A2FC5CAF700E744A1 /* FirebaseStorageCombine-Community in Frameworks */,
				9F9EB5102FC5CAF700E744A1 /* FirebaseCrashlytics in Frameworks */,
				9F9EB5282FC5CAF700E744A1 /* FirebaseStorage in Frameworks */,
				9F9EB5262FC5CAF700E744A1 /* FirebaseRemoteConfig in Frameworks */,
				9F9EB51A2FC5CAF700E744A1 /* FirebaseFunctionsCombine-Community in Frameworks */,
				9F9EB5122FC5CAF700E744A1 /* FirebaseDatabase in Frameworks */,
				9F9EB5002FC5CAF700E744A1 /* FirebaseAnalytics in Frameworks */,
				9F9EB5242FC5CAF700E744A1 /* FirebasePerformance in Frameworks */,
				9F9EB50E2FC5CAF700E744A1 /* FirebaseCore in Frameworks */,
				9F9EB5062FC5CAF700E744A1 /* FirebaseAppCheck in Frameworks */,
				9F9EB5022FC5CAF700E744A1 /* FirebaseAnalyticsCore in Frameworks */,
				9F9EB5182FC5CAF700E744A1 /* FirebaseFunctions in Frameworks */,
				9F9EB50A2FC5CAF700E744A1 /* FirebaseAuth in Frameworks */,
				9F9EB5162FC5CAF700E744A1 /* FirebaseFirestoreCombine-Community in Frameworks */,
			);
			runOnlyForDeploymentPostprocessing = 0;
		};
		9FB557B72FC102D800349406 /* Frameworks */ = {
			isa = PBXFrameworksBuildPhase;
			buildActionMask = 2147483647;
			files = (
			);
			runOnlyForDeploymentPostprocessing = 0;
		};
		9FB557C12FC102D800349406 /* Frameworks */ = {
			isa = PBXFrameworksBuildPhase;
			buildActionMask = 2147483647;
			files = (
			);
			runOnlyForDeploymentPostprocessing = 0;
		};
/* End PBXFrameworksBuildPhase section */

/* Begin PBXGroup section */
		9F9EB4FA2FC5CAF700E744A1 /* Frameworks */ = {
			isa = PBXGroup;
			children = (
			);
			name = Frameworks;
			sourceTree = "<group>";
		};
		9FB557A42FC102D600349406 = {
			isa = PBXGroup;
			children = (
				9FB557AF2FC102D600349406 /* Ping */,
				9FB557BD2FC102D800349406 /* PingTests */,
				9FB557C72FC102D800349406 /* PingUITests */,
				9F9EB4FA2FC5CAF700E744A1 /* Frameworks */,
				9FB557AE2FC102D600349406 /* Products */,
			);
			sourceTree = "<group>";
		};
		9FB557AE2FC102D600349406 /* Products */ = {
			isa = PBXGroup;
			children = (
				9FB557AD2FC102D600349406 /* Ping.app */,
				9FB557BA2FC102D800349406 /* PingTests.xctest */,
				9FB557C42FC102D800349406 /* PingUITests.xctest */,
			);
			name = Products;
			sourceTree = "<group>";
		};
/* End PBXGroup section */

/* Begin PBXNativeTarget section */
		9FB557AC2FC102D600349406 /* Ping */ = {
			isa = PBXNativeTarget;
			buildConfigurationList = 9FB557CE2FC102D800349406 /* Build configuration list for PBXNativeTarget "Ping" */;
			buildPhases = (
				9FB557A92FC102D600349406 /* Sources */,
				9FB557AA2FC102D600349406 /* Frameworks */,
				9FB557AB2FC102D600349406 /* Resources */,
			);
			buildRules = (
			);
			dependencies = (
			);
			fileSystemSynchronizedGroups = (
				9FB557AF2FC102D600349406 /* Ping */,
			);
			name = Ping;
			packageProductDependencies = (
				9F9EB4FB2FC5CAF700E744A1 /* FirebaseAI */,
				9F9EB4FD2FC5CAF700E744A1 /* FirebaseAILogic */,
				9F9EB4FF2FC5CAF700E744A1 /* FirebaseAnalytics */,
				9F9EB5012FC5CAF700E744A1 /* FirebaseAnalyticsCore */,
				9F9EB5032FC5CAF700E744A1 /* FirebaseAnalyticsIdentitySupport */,
				9F9EB5052FC5CAF700E744A1 /* FirebaseAppCheck */,
				9F9EB5072FC5CAF700E744A1 /* FirebaseAppDistribution-Beta */,
				9F9EB5092FC5CAF700E744A1 /* FirebaseAuth */,
				9F9EB50B2FC5CAF700E744A1 /* FirebaseAuthCombine-Community */,
				9F9EB50D2FC5CAF700E744A1 /* FirebaseCore */,
				9F9EB50F2FC5CAF700E744A1 /* FirebaseCrashlytics */,
				9F9EB5112FC5CAF700E744A1 /* FirebaseDatabase */,
				9F9EB5132FC5CAF700E744A1 /* FirebaseFirestore */,
				9F9EB5152FC5CAF700E744A1 /* FirebaseFirestoreCombine-Community */,
				9F9EB5172FC5CAF700E744A1 /* FirebaseFunctions */,
				9F9EB5192FC5CAF700E744A1 /* FirebaseFunctionsCombine-Community */,
				9F9EB51B2FC5CAF700E744A1 /* FirebaseInAppMessaging-Beta */,
				9F9EB51D2FC5CAF700E744A1 /* FirebaseInstallations */,
				9F9EB51F2FC5CAF700E744A1 /* FirebaseMessaging */,
				9F9EB5212FC5CAF700E744A1 /* FirebaseMLModelDownloader */,
				9F9EB5232FC5CAF700E744A1 /* FirebasePerformance */,
				9F9EB5252FC5CAF700E744A1 /* FirebaseRemoteConfig */,
				9F9EB5272FC5CAF700E744A1 /* FirebaseStorage */,
				9F9EB5292FC5CAF700E744A1 /* FirebaseStorageCombine-Community */,
			);
			productName = Ping;
			productReference = 9FB557AD2FC102D600349406 /* Ping.app */;
			productType = "com.apple.product-type.application";
		};
		9FB557B92FC102D800349406 /* PingTests */ = {
			isa = PBXNativeTarget;
			buildConfigurationList = 9FB557D12FC102D800349406 /* Build configuration list for PBXNativeTarget "PingTests" */;
			buildPhases = (
				9FB557B62FC102D800349406 /* Sources */,
				9FB557B72FC102D800349406 /* Frameworks */,
				9FB557B82FC102D800349406 /* Resources */,
			);
			buildRules = (
			);
			dependencies = (
				9FB557BC2FC102D800349406 /* PBXTargetDependency */,
			);
			fileSystemSynchronizedGroups = (
				9FB557BD2FC102D800349406 /* PingTests */,
			);
			name = PingTests;
			packageProductDependencies = (
			);
			productName = PingTests;
			productReference = 9FB557BA2FC102D800349406 /* PingTests.xctest */;
			productType = "com.apple.product-type.bundle.unit-test";
		};
		9FB557C32FC102D800349406 /* PingUITests */ = {
			isa = PBXNativeTarget;
			buildConfigurationList = 9FB557D42FC102D800349406 /* Build configuration list for PBXNativeTarget "PingUITests" */;
			buildPhases = (
				9FB557C02FC102D800349406 /* Sources */,
				9FB557C12FC102D800349406 /* Frameworks */,
				9FB557C22FC102D800349406 /* Resources */,
			);
			buildRules = (
			);
			dependencies = (
				9FB557C62FC102D800349406 /* PBXTargetDependency */,
			);
			fileSystemSynchronizedGroups = (
				9FB557C72FC102D800349406 /* PingUITests */,
			);
			name = PingUITests;
			packageProductDependencies = (
			);
			productName = PingUITests;
			productReference = 9FB557C42FC102D800349406 /* PingUITests.xctest */;
			productType = "com.apple.product-type.bundle.ui-testing";
		};
/* End PBXNativeTarget section */

/* Begin PBXProject section */
		9FB557A52FC102D600349406 /* Project object */ = {
			isa = PBXProject;
			attributes = {
				BuildIndependentTargetsInParallel = 1;
				LastSwiftUpdateCheck = 2600;
				LastUpgradeCheck = 2600;
				TargetAttributes = {
					9FB557AC2FC102D600349406 = {
						CreatedOnToolsVersion = 26.0.1;
					};
					9FB557B92FC102D800349406 = {
						CreatedOnToolsVersion = 26.0.1;
						TestTargetID = 9FB557AC2FC102D600349406;
					};
					9FB557C32FC102D800349406 = {
						CreatedOnToolsVersion = 26.0.1;
						TestTargetID = 9FB557AC2FC102D600349406;
					};
				};
			};
			buildConfigurationList = 9FB557A82FC102D600349406 /* Build configuration list for PBXProject "Ping" */;
			developmentRegion = en;
			hasScannedForEncodings = 0;
			knownRegions = (
				en,
				Base,
			);
			mainGroup = 9FB557A42FC102D600349406;
			minimizedProjectReferenceProxies = 1;
			packageReferences = (
				9F9EB4C82FC4759200E744A1 /* XCRemoteSwiftPackageReference "firebase-ios-sdk" */,
			);
			preferredProjectObjectVersion = 77;
			productRefGroup = 9FB557AE2FC102D600349406 /* Products */;
			projectDirPath = "";
			projectRoot = "";
			targets = (
				9FB557AC2FC102D600349406 /* Ping */,
				9FB557B92FC102D800349406 /* PingTests */,
				9FB557C32FC102D800349406 /* PingUITests */,
			);
		};
/* End PBXProject section */

/* Begin PBXResourcesBuildPhase section */
		9FB557AB2FC102D600349406 /* Resources */ = {
			isa = PBXResourcesBuildPhase;
			buildActionMask = 2147483647;
			files = (
			);
			runOnlyForDeploymentPostprocessing = 0;
		};
		9FB557B82FC102D800349406 /* Resources */ = {
			isa = PBXResourcesBuildPhase;
			buildActionMask = 2147483647;
			files = (
			);
			runOnlyForDeploymentPostprocessing = 0;
		};
		9FB557C22FC102D800349406 /* Resources */ = {
			isa = PBXResourcesBuildPhase;
			buildActionMask = 2147483647;
			files = (
			);
			runOnlyForDeploymentPostprocessing = 0;
		};
/* End PBXResourcesBuildPhase section */

/* Begin PBXSourcesBuildPhase section */
		9FB557A92FC102D600349406 /* Sources */ = {
			isa = PBXSourcesBuildPhase;
			buildActionMask = 2147483647;
			files = (
			);
			runOnlyForDeploymentPostprocessing = 0;
		};
		9FB557B62FC102D800349406 /* Sources */ = {
			isa = PBXSourcesBuildPhase;
			buildActionMask = 2147483647;
			files = (
			);
			runOnlyForDeploymentPostprocessing = 0;
		};
		9FB557C02FC102D800349406 /* Sources */ = {
			isa = PBXSourcesBuildPhase;
			buildActionMask = 2147483647;
			files = (
			);
			runOnlyForDeploymentPostprocessing = 0;
		};
/* End PBXSourcesBuildPhase section */

/* Begin PBXTargetDependency section */
		9FB557BC2FC102D800349406 /* PBXTargetDependency */ = {
			isa = PBXTargetDependency;
			target = 9FB557AC2FC102D600349406 /* Ping */;
			targetProxy = 9FB557BB2FC102D800349406 /* PBXContainerItemProxy */;
		};
		9FB557C62FC102D800349406 /* PBXTargetDependency */ = {
			isa = PBXTargetDependency;
			target = 9FB557AC2FC102D600349406 /* Ping */;
			targetProxy = 9FB557C52FC102D800349406 /* PBXContainerItemProxy */;
		};
/* End PBXTargetDependency section */

/* Begin XCBuildConfiguration section */
		9FB557CC2FC102D800349406 /* Debug */ = {
			isa = XCBuildConfiguration;
			buildSettings = {
				ALWAYS_SEARCH_USER_PATHS = NO;
				ASSETCATALOG_COMPILER_GENERATE_SWIFT_ASSET_SYMBOL_EXTENSIONS = YES;
				CLANG_ANALYZER_NONNULL = YES;
				CLANG_ANALYZER_NUMBER_OBJECT_CONVERSION = YES_AGGRESSIVE;
				CLANG_CXX_LANGUAGE_STANDARD = "gnu++20";
				CLANG_ENABLE_MODULES = YES;
				CLANG_ENABLE_OBJC_ARC = YES;
				CLANG_ENABLE_OBJC_WEAK = YES;
				CLANG_WARN_BLOCK_CAPTURE_AUTORELEASING = YES;
				CLANG_WARN_BOOL_CONVERSION = YES;
				CLANG_WARN_COMMA = YES;
				CLANG_WARN_CONSTANT_CONVERSION = YES;
				CLANG_WARN_DEPRECATED_OBJC_IMPLEMENTATIONS = YES;
				CLANG_WARN_DIRECT_OBJC_ISA_USAGE = YES_ERROR;
				CLANG_WARN_DOCUMENTATION_COMMENTS = YES;
				CLANG_WARN_EMPTY_BODY = YES;
				CLANG_WARN_ENUM_CONVERSION = YES;
				CLANG_WARN_INFINITE_RECURSION = YES;
				CLANG_WARN_INT_CONVERSION = YES;
				CLANG_WARN_NON_LITERAL_NULL_CONVERSION = YES;
				CLANG_WARN_OBJC_IMPLICIT_RETAIN_SELF = YES;
				CLANG_WARN_OBJC_LITERAL_CONVERSION = YES;
				CLANG_WARN_OBJC_ROOT_CLASS = YES_ERROR;
				CLANG_WARN_QUOTED_INCLUDE_IN_FRAMEWORK_HEADER = YES;
				CLANG_WARN_RANGE_LOOP_ANALYSIS = YES;
				CLANG_WARN_STRICT_PROTOTYPES = YES;
				CLANG_WARN_SUSPICIOUS_MOVE = YES;
				CLANG_WARN_UNGUARDED_AVAILABILITY = YES_AGGRESSIVE;
				CLANG_WARN_UNREACHABLE_CODE = YES;
				CLANG_WARN__DUPLICATE_METHOD_MATCH = YES;
				COPY_PHASE_STRIP = NO;
				DEBUG_INFORMATION_FORMAT = dwarf;
				DEVELOPMENT_TEAM = VA3W538NT5;
				ENABLE_STRICT_OBJC_MSGSEND = YES;
				ENABLE_TESTABILITY = YES;
				ENABLE_USER_SCRIPT_SANDBOXING = YES;
				GCC_C_LANGUAGE_STANDARD = gnu17;
				GCC_DYNAMIC_NO_PIC = NO;
				GCC_NO_COMMON_BLOCKS = YES;
				GCC_OPTIMIZATION_LEVEL = 0;
				GCC_PREPROCESSOR_DEFINITIONS = (
					"DEBUG=1",
					"$(inherited)",
				);
				GCC_WARN_64_TO_32_BIT_CONVERSION = YES;
				GCC_WARN_ABOUT_RETURN_TYPE = YES_ERROR;
				GCC_WARN_UNDECLARED_SELECTOR = YES;
				GCC_WARN_UNINITIALIZED_AUTOS = YES_AGGRESSIVE;
				GCC_WARN_UNUSED_FUNCTION = YES;
				GCC_WARN_UNUSED_VARIABLE = YES;
				IPHONEOS_DEPLOYMENT_TARGET = 26.0;
				LOCALIZATION_PREFERS_STRING_CATALOGS = YES;
				MTL_ENABLE_DEBUG_INFO = INCLUDE_SOURCE;
				MTL_FAST_MATH = YES;
				ONLY_ACTIVE_ARCH = YES;
				SDKROOT = iphoneos;
				SWIFT_ACTIVE_COMPILATION_CONDITIONS = "DEBUG $(inherited)";
				SWIFT_OPTIMIZATION_LEVEL = "-Onone";
			};
			name = Debug;
		};
		9FB557CD2FC102D800349406 /* Release */ = {
			isa = XCBuildConfiguration;
			buildSettings = {
				ALWAYS_SEARCH_USER_PATHS = NO;
				ASSETCATALOG_COMPILER_GENERATE_SWIFT_ASSET_SYMBOL_EXTENSIONS = YES;
				CLANG_ANALYZER_NONNULL = YES;
				CLANG_ANALYZER_NUMBER_OBJECT_CONVERSION = YES_AGGRESSIVE;
				CLANG_CXX_LANGUAGE_STANDARD = "gnu++20";
				CLANG_ENABLE_MODULES = YES;
				CLANG_ENABLE_OBJC_ARC = YES;
				CLANG_ENABLE_OBJC_WEAK = YES;
				CLANG_WARN_BLOCK_CAPTURE_AUTORELEASING = YES;
				CLANG_WARN_BOOL_CONVERSION = YES;
				CLANG_WARN_COMMA = YES;
				CLANG_WARN_CONSTANT_CONVERSION = YES;
				CLANG_WARN_DEPRECATED_OBJC_IMPLEMENTATIONS = YES;
				CLANG_WARN_DIRECT_OBJC_ISA_USAGE = YES_ERROR;
				CLANG_WARN_DOCUMENTATION_COMMENTS = YES;
				CLANG_WARN_EMPTY_BODY = YES;
				CLANG_WARN_ENUM_CONVERSION = YES;
				CLANG_WARN_INFINITE_RECURSION = YES;
				CLANG_WARN_INT_CONVERSION = YES;
				CLANG_WARN_NON_LITERAL_NULL_CONVERSION = YES;
				CLANG_WARN_OBJC_IMPLICIT_RETAIN_SELF = YES;
				CLANG_WARN_OBJC_LITERAL_CONVERSION = YES;
				CLANG_WARN_OBJC_ROOT_CLASS = YES_ERROR;
				CLANG_WARN_QUOTED_INCLUDE_IN_FRAMEWORK_HEADER = YES;
				CLANG_WARN_RANGE_LOOP_ANALYSIS = YES;
				CLANG_WARN_STRICT_PROTOTYPES = YES;
				CLANG_WARN_SUSPICIOUS_MOVE = YES;
				CLANG_WARN_UNGUARDED_AVAILABILITY = YES_AGGRESSIVE;
				CLANG_WARN_UNREACHABLE_CODE = YES;
				CLANG_WARN__DUPLICATE_METHOD_MATCH = YES;
				COPY_PHASE_STRIP = NO;
				DEBUG_INFORMATION_FORMAT = "dwarf-with-dsym";
				DEVELOPMENT_TEAM = VA3W538NT5;
				ENABLE_NS_ASSERTIONS = NO;
				ENABLE_STRICT_OBJC_MSGSEND = YES;
				ENABLE_USER_SCRIPT_SANDBOXING = YES;
				GCC_C_LANGUAGE_STANDARD = gnu17;
				GCC_NO_COMMON_BLOCKS = YES;
				GCC_WARN_64_TO_32_BIT_CONVERSION = YES;
				GCC_WARN_ABOUT_RETURN_TYPE = YES_ERROR;
				GCC_WARN_UNDECLARED_SELECTOR = YES;
				GCC_WARN_UNINITIALIZED_AUTOS = YES_AGGRESSIVE;
				GCC_WARN_UNUSED_FUNCTION = YES;
				GCC_WARN_UNUSED_VARIABLE = YES;
				IPHONEOS_DEPLOYMENT_TARGET = 26.0;
				LOCALIZATION_PREFERS_STRING_CATALOGS = YES;
				MTL_ENABLE_DEBUG_INFO = NO;
				MTL_FAST_MATH = YES;
				SDKROOT = iphoneos;
				SWIFT_COMPILATION_MODE = wholemodule;
				VALIDATE_PRODUCT = YES;
			};
			name = Release;
		};
		9FB557CF2FC102D800349406 /* Debug */ = {
			isa = XCBuildConfiguration;
			buildSettings = {
				ASSETCATALOG_COMPILER_APPICON_NAME = AppIcon;
				ASSETCATALOG_COMPILER_GLOBAL_ACCENT_COLOR_NAME = AccentColor;
				CODE_SIGN_ENTITLEMENTS = Ping/Ping.entitlements;
				CODE_SIGN_STYLE = Automatic;
				CURRENT_PROJECT_VERSION = 1;
				DEVELOPMENT_TEAM = VA3W538NT5;
				ENABLE_PREVIEWS = YES;
				GENERATE_INFOPLIST_FILE = YES;
				INFOPLIST_FILE = Ping/Info.plist;
				INFOPLIST_KEY_UIApplicationSceneManifest_Generation = YES;
				INFOPLIST_KEY_UIApplicationSupportsIndirectInputEvents = YES;
				INFOPLIST_KEY_UILaunchScreen_Generation = YES;
				INFOPLIST_KEY_UISupportedInterfaceOrientations_iPad = "UIInterfaceOrientationPortrait UIInterfaceOrientationPortraitUpsideDown UIInterfaceOrientationLandscapeLeft UIInterfaceOrientationLandscapeRight";
				INFOPLIST_KEY_UISupportedInterfaceOrientations_iPhone = "UIInterfaceOrientationPortrait UIInterfaceOrientationLandscapeLeft UIInterfaceOrientationLandscapeRight";
				IPHONEOS_DEPLOYMENT_TARGET = 17.0;
				LD_RUNPATH_SEARCH_PATHS = (
					"$(inherited)",
					"@executable_path/Frameworks",
				);
				MARKETING_VERSION = 1.0;
				PRODUCT_BUNDLE_IDENTIFIER = MohitVegad.Ping;
				PRODUCT_NAME = "$(TARGET_NAME)";
				STRING_CATALOG_GENERATE_SYMBOLS = YES;
				SWIFT_APPROACHABLE_CONCURRENCY = YES;
				SWIFT_DEFAULT_ACTOR_ISOLATION = MainActor;
				SWIFT_EMIT_LOC_STRINGS = YES;
				SWIFT_UPCOMING_FEATURE_MEMBER_IMPORT_VISIBILITY = YES;
				SWIFT_VERSION = 5.0;
				TARGETED_DEVICE_FAMILY = "1,2";
			};
			name = Debug;
		};
		9FB557D02FC102D800349406 /* Release */ = {
			isa = XCBuildConfiguration;
			buildSettings = {
				ASSETCATALOG_COMPILER_APPICON_NAME = AppIcon;
				ASSETCATALOG_COMPILER_GLOBAL_ACCENT_COLOR_NAME = AccentColor;
				CODE_SIGN_ENTITLEMENTS = Ping/Ping.entitlements;
				CODE_SIGN_STYLE = Automatic;
				CURRENT_PROJECT_VERSION = 1;
				DEVELOPMENT_TEAM = VA3W538NT5;
				ENABLE_PREVIEWS = YES;
				GENERATE_INFOPLIST_FILE = YES;
				INFOPLIST_FILE = Ping/Info.plist;
				INFOPLIST_KEY_UIApplicationSceneManifest_Generation = YES;
				INFOPLIST_KEY_UIApplicationSupportsIndirectInputEvents = YES;
				INFOPLIST_KEY_UILaunchScreen_Generation = YES;
				INFOPLIST_KEY_UISupportedInterfaceOrientations_iPad = "UIInterfaceOrientationPortrait UIInterfaceOrientationPortraitUpsideDown UIInterfaceOrientationLandscapeLeft UIInterfaceOrientationLandscapeRight";
				INFOPLIST_KEY_UISupportedInterfaceOrientations_iPhone = "UIInterfaceOrientationPortrait UIInterfaceOrientationLandscapeLeft UIInterfaceOrientationLandscapeRight";
				IPHONEOS_DEPLOYMENT_TARGET = 17.0;
				LD_RUNPATH_SEARCH_PATHS = (
					"$(inherited)",
					"@executable_path/Frameworks",
				);
				MARKETING_VERSION = 1.0;
				PRODUCT_BUNDLE_IDENTIFIER = MohitVegad.Ping;
				PRODUCT_NAME = "$(TARGET_NAME)";
				STRING_CATALOG_GENERATE_SYMBOLS = YES;
				SWIFT_APPROACHABLE_CONCURRENCY = YES;
				SWIFT_DEFAULT_ACTOR_ISOLATION = MainActor;
				SWIFT_EMIT_LOC_STRINGS = YES;
				SWIFT_UPCOMING_FEATURE_MEMBER_IMPORT_VISIBILITY = YES;
				SWIFT_VERSION = 5.0;
				TARGETED_DEVICE_FAMILY = "1,2";
			};
			name = Release;
		};
		9FB557D22FC102D800349406 /* Debug */ = {
			isa = XCBuildConfiguration;
			buildSettings = {
				BUNDLE_LOADER = "$(TEST_HOST)";
				CODE_SIGN_STYLE = Automatic;
				CURRENT_PROJECT_VERSION = 1;
				DEVELOPMENT_TEAM = VA3W538NT5;
				GENERATE_INFOPLIST_FILE = YES;
				IPHONEOS_DEPLOYMENT_TARGET = 26.0;
				MARKETING_VERSION = 1.0;
				PRODUCT_BUNDLE_IDENTIFIER = MohitVegad.PingTests;
				PRODUCT_NAME = "$(TARGET_NAME)";
				STRING_CATALOG_GENERATE_SYMBOLS = NO;
				SWIFT_APPROACHABLE_CONCURRENCY = YES;
				SWIFT_EMIT_LOC_STRINGS = NO;
				SWIFT_UPCOMING_FEATURE_MEMBER_IMPORT_VISIBILITY = YES;
				SWIFT_VERSION = 5.0;
				TARGETED_DEVICE_FAMILY = "1,2";
				TEST_HOST = "$(BUILT_PRODUCTS_DIR)/Ping.app/$(BUNDLE_EXECUTABLE_FOLDER_PATH)/Ping";
			};
			name = Debug;
		};
		9FB557D32FC102D800349406 /* Release */ = {
			isa = XCBuildConfiguration;
			buildSettings = {
				BUNDLE_LOADER = "$(TEST_HOST)";
				CODE_SIGN_STYLE = Automatic;
				CURRENT_PROJECT_VERSION = 1;
				DEVELOPMENT_TEAM = VA3W538NT5;
				GENERATE_INFOPLIST_FILE = YES;
				IPHONEOS_DEPLOYMENT_TARGET = 26.0;
				MARKETING_VERSION = 1.0;
				PRODUCT_BUNDLE_IDENTIFIER = MohitVegad.PingTests;
				PRODUCT_NAME = "$(TARGET_NAME)";
				STRING_CATALOG_GENERATE_SYMBOLS = NO;
				SWIFT_APPROACHABLE_CONCURRENCY = YES;
				SWIFT_EMIT_LOC_STRINGS = NO;
				SWIFT_UPCOMING_FEATURE_MEMBER_IMPORT_VISIBILITY = YES;
				SWIFT_VERSION = 5.0;
				TARGETED_DEVICE_FAMILY = "1,2";
				TEST_HOST = "$(BUILT_PRODUCTS_DIR)/Ping.app/$(BUNDLE_EXECUTABLE_FOLDER_PATH)/Ping";
			};
			name = Release;
		};
		9FB557D52FC102D800349406 /* Debug */ = {
			isa = XCBuildConfiguration;
			buildSettings = {
				CODE_SIGN_STYLE = Automatic;
				CURRENT_PROJECT_VERSION = 1;
				DEVELOPMENT_TEAM = VA3W538NT5;
				GENERATE_INFOPLIST_FILE = YES;
				MARKETING_VERSION = 1.0;
				PRODUCT_BUNDLE_IDENTIFIER = MohitVegad.PingUITests;
				PRODUCT_NAME = "$(TARGET_NAME)";
				STRING_CATALOG_GENERATE_SYMBOLS = NO;
				SWIFT_APPROACHABLE_CONCURRENCY = YES;
				SWIFT_EMIT_LOC_STRINGS = NO;
				SWIFT_UPCOMING_FEATURE_MEMBER_IMPORT_VISIBILITY = YES;
				SWIFT_VERSION = 5.0;
				TARGETED_DEVICE_FAMILY = "1,2";
				TEST_TARGET_NAME = Ping;
			};
			name = Debug;
		};
		9FB557D62FC102D800349406 /* Release */ = {
			isa = XCBuildConfiguration;
			buildSettings = {
				CODE_SIGN_STYLE = Automatic;
				CURRENT_PROJECT_VERSION = 1;
				DEVELOPMENT_TEAM = VA3W538NT5;
				GENERATE_INFOPLIST_FILE = YES;
				MARKETING_VERSION = 1.0;
				PRODUCT_BUNDLE_IDENTIFIER = MohitVegad.PingUITests;
				PRODUCT_NAME = "$(TARGET_NAME)";
				STRING_CATALOG_GENERATE_SYMBOLS = NO;
				SWIFT_APPROACHABLE_CONCURRENCY = YES;
				SWIFT_EMIT_LOC_STRINGS = NO;
				SWIFT_UPCOMING_FEATURE_MEMBER_IMPORT_VISIBILITY = YES;
				SWIFT_VERSION = 5.0;
				TARGETED_DEVICE_FAMILY = "1,2";
				TEST_TARGET_NAME = Ping;
			};
			name = Release;
		};
/* End XCBuildConfiguration section */

/* Begin XCConfigurationList section */
		9FB557A82FC102D600349406 /* Build configuration list for PBXProject "Ping" */ = {
			isa = XCConfigurationList;
			buildConfigurations = (
				9FB557CC2FC102D800349406 /* Debug */,
				9FB557CD2FC102D800349406 /* Release */,
			);
			defaultConfigurationIsVisible = 0;
			defaultConfigurationName = Release;
		};
		9FB557CE2FC102D800349406 /* Build configuration list for PBXNativeTarget "Ping" */ = {
			isa = XCConfigurationList;
			buildConfigurations = (
				9FB557CF2FC102D800349406 /* Debug */,
				9FB557D02FC102D800349406 /* Release */,
			);
			defaultConfigurationIsVisible = 0;
			defaultConfigurationName = Release;
		};
		9FB557D12FC102D800349406 /* Build configuration list for PBXNativeTarget "PingTests" */ = {
			isa = XCConfigurationList;
			buildConfigurations = (
				9FB557D22FC102D800349406 /* Debug */,
				9FB557D32FC102D800349406 /* Release */,
			);
			defaultConfigurationIsVisible = 0;
			defaultConfigurationName = Release;
		};
		9FB557D42FC102D800349406 /* Build configuration list for PBXNativeTarget "PingUITests" */ = {
			isa = XCConfigurationList;
			buildConfigurations = (
				9FB557D52FC102D800349406 /* Debug */,
				9FB557D62FC102D800349406 /* Release */,
			);
			defaultConfigurationIsVisible = 0;
			defaultConfigurationName = Release;
		};
/* End XCConfigurationList section */

/* Begin XCRemoteSwiftPackageReference section */
		9F9EB4C82FC4759200E744A1 /* XCRemoteSwiftPackageReference "firebase-ios-sdk" */ = {
			isa = XCRemoteSwiftPackageReference;
			repositoryURL = "https://github.com/firebase/firebase-ios-sdk";
			requirement = {
				kind = upToNextMajorVersion;
				minimumVersion = 12.13.0;
			};
		};
/* End XCRemoteSwiftPackageReference section */

/* Begin XCSwiftPackageProductDependency section */
		9F9EB4FB2FC5CAF700E744A1 /* FirebaseAI */ = {
			isa = XCSwiftPackageProductDependency;
			package = 9F9EB4C82FC4759200E744A1 /* XCRemoteSwiftPackageReference "firebase-ios-sdk" */;
			productName = FirebaseAI;
		};
		9F9EB4FD2FC5CAF700E744A1 /* FirebaseAILogic */ = {
			isa = XCSwiftPackageProductDependency;
			package = 9F9EB4C82FC4759200E744A1 /* XCRemoteSwiftPackageReference "firebase-ios-sdk" */;
			productName = FirebaseAILogic;
		};
		9F9EB4FF2FC5CAF700E744A1 /* FirebaseAnalytics */ = {
			isa = XCSwiftPackageProductDependency;
			package = 9F9EB4C82FC4759200E744A1 /* XCRemoteSwiftPackageReference "firebase-ios-sdk" */;
			productName = FirebaseAnalytics;
		};
		9F9EB5012FC5CAF700E744A1 /* FirebaseAnalyticsCore */ = {
			isa = XCSwiftPackageProductDependency;
			package = 9F9EB4C82FC4759200E744A1 /* XCRemoteSwiftPackageReference "firebase-ios-sdk" */;
			productName = FirebaseAnalyticsCore;
		};
		9F9EB5032FC5CAF700E744A1 /* FirebaseAnalyticsIdentitySupport */ = {
			isa = XCSwiftPackageProductDependency;
			package = 9F9EB4C82FC4759200E744A1 /* XCRemoteSwiftPackageReference "firebase-ios-sdk" */;
			productName = FirebaseAnalyticsIdentitySupport;
		};
		9F9EB5052FC5CAF700E744A1 /* FirebaseAppCheck */ = {
			isa = XCSwiftPackageProductDependency;
			package = 9F9EB4C82FC4759200E744A1 /* XCRemoteSwiftPackageReference "firebase-ios-sdk" */;
			productName = FirebaseAppCheck;
		};
		9F9EB5072FC5CAF700E744A1 /* FirebaseAppDistribution-Beta */ = {
			isa = XCSwiftPackageProductDependency;
			package = 9F9EB4C82FC4759200E744A1 /* XCRemoteSwiftPackageReference "firebase-ios-sdk" */;
			productName = "FirebaseAppDistribution-Beta";
		};
		9F9EB5092FC5CAF700E744A1 /* FirebaseAuth */ = {
			isa = XCSwiftPackageProductDependency;
			package = 9F9EB4C82FC4759200E744A1 /* XCRemoteSwiftPackageReference "firebase-ios-sdk" */;
			productName = FirebaseAuth;
		};
		9F9EB50B2FC5CAF700E744A1 /* FirebaseAuthCombine-Community */ = {
			isa = XCSwiftPackageProductDependency;
			package = 9F9EB4C82FC4759200E744A1 /* XCRemoteSwiftPackageReference "firebase-ios-sdk" */;
			productName = "FirebaseAuthCombine-Community";
		};
		9F9EB50D2FC5CAF700E744A1 /* FirebaseCore */ = {
			isa = XCSwiftPackageProductDependency;
			package = 9F9EB4C82FC4759200E744A1 /* XCRemoteSwiftPackageReference "firebase-ios-sdk" */;
			productName = FirebaseCore;
		};
		9F9EB50F2FC5CAF700E744A1 /* FirebaseCrashlytics */ = {
			isa = XCSwiftPackageProductDependency;
			package = 9F9EB4C82FC4759200E744A1 /* XCRemoteSwiftPackageReference "firebase-ios-sdk" */;
			productName = FirebaseCrashlytics;
		};
		9F9EB5112FC5CAF700E744A1 /* FirebaseDatabase */ = {
			isa = XCSwiftPackageProductDependency;
			package = 9F9EB4C82FC4759200E744A1 /* XCRemoteSwiftPackageReference "firebase-ios-sdk" */;
			productName = FirebaseDatabase;
		};
		9F9EB5132FC5CAF700E744A1 /* FirebaseFirestore */ = {
			isa = XCSwiftPackageProductDependency;
			package = 9F9EB4C82FC4759200E744A1 /* XCRemoteSwiftPackageReference "firebase-ios-sdk" */;
			productName = FirebaseFirestore;
		};
		9F9EB5152FC5CAF700E744A1 /* FirebaseFirestoreCombine-Community */ = {
			isa = XCSwiftPackageProductDependency;
			package = 9F9EB4C82FC4759200E744A1 /* XCRemoteSwiftPackageReference "firebase-ios-sdk" */;
			productName = "FirebaseFirestoreCombine-Community";
		};
		9F9EB5172FC5CAF700E744A1 /* FirebaseFunctions */ = {
			isa = XCSwiftPackageProductDependency;
			package = 9F9EB4C82FC4759200E744A1 /* XCRemoteSwiftPackageReference "firebase-ios-sdk" */;
			productName = FirebaseFunctions;
		};
		9F9EB5192FC5CAF700E744A1 /* FirebaseFunctionsCombine-Community */ = {
			isa = XCSwiftPackageProductDependency;
			package = 9F9EB4C82FC4759200E744A1 /* XCRemoteSwiftPackageReference "firebase-ios-sdk" */;
			productName = "FirebaseFunctionsCombine-Community";
		};
		9F9EB51B2FC5CAF700E744A1 /* FirebaseInAppMessaging-Beta */ = {
			isa = XCSwiftPackageProductDependency;
			package = 9F9EB4C82FC4759200E744A1 /* XCRemoteSwiftPackageReference "firebase-ios-sdk" */;
			productName = "FirebaseInAppMessaging-Beta";
		};
		9F9EB51D2FC5CAF700E744A1 /* FirebaseInstallations */ = {
			isa = XCSwiftPackageProductDependency;
			package = 9F9EB4C82FC4759200E744A1 /* XCRemoteSwiftPackageReference "firebase-ios-sdk" */;
			productName = FirebaseInstallations;
		};
		9F9EB51F2FC5CAF700E744A1 /* FirebaseMessaging */ = {
			isa = XCSwiftPackageProductDependency;
			package = 9F9EB4C82FC4759200E744A1 /* XCRemoteSwiftPackageReference "firebase-ios-sdk" */;
			productName = FirebaseMessaging;
		};
		9F9EB5212FC5CAF700E744A1 /* FirebaseMLModelDownloader */ = {
			isa = XCSwiftPackageProductDependency;
			package = 9F9EB4C82FC4759200E744A1 /* XCRemoteSwiftPackageReference "firebase-ios-sdk" */;
			productName = FirebaseMLModelDownloader;
		};
		9F9EB5232FC5CAF700E744A1 /* FirebasePerformance */ = {
			isa = XCSwiftPackageProductDependency;
			package = 9F9EB4C82FC4759200E744A1 /* XCRemoteSwiftPackageReference "firebase-ios-sdk" */;
			productName = FirebasePerformance;
		};
		9F9EB5252FC5CAF700E744A1 /* FirebaseRemoteConfig */ = {
			isa = XCSwiftPackageProductDependency;
			package = 9F9EB4C82FC4759200E744A1 /* XCRemoteSwiftPackageReference "firebase-ios-sdk" */;
			productName = FirebaseRemoteConfig;
		};
		9F9EB5272FC5CAF700E744A1 /* FirebaseStorage */ = {
			isa = XCSwiftPackageProductDependency;
			package = 9F9EB4C82FC4759200E744A1 /* XCRemoteSwiftPackageReference "firebase-ios-sdk" */;
			productName = FirebaseStorage;
		};
		9F9EB5292FC5CAF700E744A1 /* FirebaseStorageCombine-Community */ = {
			isa = XCSwiftPackageProductDependency;
			package = 9F9EB4C82FC4759200E744A1 /* XCRemoteSwiftPackageReference "firebase-ios-sdk" */;
			productName = "FirebaseStorageCombine-Community";
		};
/* End XCSwiftPackageProductDependency section */
	};
	rootObject = 9FB557A52FC102D600349406 /* Project object */;
}
